
Microsoft Visual Studio Solution File, Format Version 12.00
# Visual Studio Version 17
VisualStudioVersion = 17.14.37012.4 d17.14
MinimumVisualStudioVersion = 10.0.40219.1
Project("{54A90642-561A-4BB1-A94E-469ADEE60C69}") = "design_system", "Design_System\design_system.esproj", "{885C4AFE-DE06-72AC-CC68-CB6819EEA3A7}"
EndProject
Global
	GlobalSection(SolutionConfigurationPlatforms) = preSolution
		Debug|Any CPU = Debug|Any CPU
		Release|Any CPU = Release|Any CPU
	EndGlobalSection
	GlobalSection(ProjectConfigurationPlatforms) = postSolution
		{885C4AFE-DE06-72AC-CC68-CB6819EEA3A7}.Debug|Any CPU.ActiveCfg = Debug|Any CPU
		{885C4AFE-DE06-72AC-CC68-CB6819EEA3A7}.Debug|Any CPU.Build.0 = Debug|Any CPU
		{885C4AFE-DE06-72AC-CC68-CB6819EEA3A7}.Debug|Any CPU.Deploy.0 = Debug|Any CPU
		{885C4AFE-DE06-72AC-CC68-CB6819EEA3A7}.Release|Any CPU.ActiveCfg = Release|Any CPU
		{885C4AFE-DE06-72AC-CC68-CB6819EEA3A7}.Release|Any CPU.Build.0 = Release|Any CPU
		{885C4AFE-DE06-72AC-CC68-CB6819EEA3A7}.Release|Any CPU.Deploy.0 = Release|Any CPU
	EndGlobalSection
	GlobalSection(SolutionProperties) = preSolution
		HideSolutionNode = FALSE
	EndGlobalSection
	GlobalSection(ExtensibilityGlobals) = postSolution
		SolutionGuid = {8F7B7CCC-E687-44FF-A6CE-08644400238F}
	EndGlobalSection
EndGlobal
